
Microsoft Visual Studio Solution File, Format Version 12.00
# Visual Studio Version 17
VisualStudioVersion = 17.2.32210.308
MinimumVisualStudioVersion = 10.0.40219.1
Project("{FAE04EC0-301F-11D3-BF4B-00C04F79EFBC}") = "CardsAPI", "CardsAPI\CardsAPI.csproj", "{8F358F73-0217-497D-8AA1-6E98150B32A5}"
EndProject
Global
	GlobalSection(SolutionConfigurationPlatforms) = preSolution
		Debug|Any CPU = Debug|Any CPU
		Release|Any CPU = Release|Any CPU
	EndGlobalSection
	GlobalSection(ProjectConfigurationPlatforms) = postSolution
		{8F358F73-0217-497D-8AA1-6E98150B32A5}.Debug|Any CPU.ActiveCfg = Debug|Any CPU
		{8F358F73-0217-497D-8AA1-6E98150B32A5}.Debug|Any CPU.Build.0 = Debug|Any CPU
		{8F358F73-0217-497D-8AA1-6E98150B32A5}.Release|Any CPU.ActiveCfg = Release|Any CPU
		{8F358F73-0217-497D-8AA1-6E98150B32A5}.Release|Any CPU.Build.0 = Release|Any CPU
	EndGlobalSection
	GlobalSection(SolutionProperties) = preSolution
		HideSolutionNode = FALSE
	EndGlobalSection
	GlobalSection(ExtensibilityGlobals) = postSolution
		SolutionGuid = {AE37DA10-E04E-436C-A160-38CAFFC450ED}
	EndGlobalSection
EndGlobal
